
Microsoft Visual Studio Solution File, Format Version 12.00
# Visual Studio Version 17
VisualStudioVersion = 17.0.31903.59
MinimumVisualStudioVersion = 10.0.40219.1
Project("{2150E333-8FDC-42A3-9474-1A3956D46DE8}") = "src", "src", "{827E0CD3-B72D-47B6-A68D-7590B98EB39B}"
EndProject
Project("{FAE04EC0-301F-11D3-BF4B-00C04F79EFBC}") = "SupportSystem.Domain", "src\SupportSystem.Domain\SupportSystem.Domain.csproj", "{4BB122DE-E0CA-4873-AC5B-220BF3D09EA3}"
EndProject
Project("{FAE04EC0-301F-11D3-BF4B-00C04F79EFBC}") = "SupportSystem.Application", "src\SupportSystem.Application\SupportSystem.Application.csproj", "{07A25128-50F3-419B-BE75-EF175C5DAF61}"
EndProject
Project("{FAE04EC0-301F-11D3-BF4B-00C04F79EFBC}") = "SupportSystem.Infrastructure", "src\SupportSystem.Infrastructure\SupportSystem.Infrastructure.csproj", "{C5186001-3ECF-41FA-B095-7EEA8F582AD3}"
EndProject
Project("{FAE04EC0-301F-11D3-BF4B-00C04F79EFBC}") = "SupportSystem.Api", "src\SupportSystem.Api\SupportSystem.Api.csproj", "{1CA4C4A6-338A-4DF2-A7C6-7753C7EC4157}"
EndProject
Project("{2150E333-8FDC-42A3-9474-1A3956D46DE8}") = "tests", "tests", "{0AB3BF05-4346-4AA6-1389-037BE0695223}"
EndProject
Project("{FAE04EC0-301F-11D3-BF4B-00C04F79EFBC}") = "SupportSystem.Tests", "tests\SupportSystem.Tests\SupportSystem.Tests.csproj", "{EDE70442-0CE5-443A-A1E9-FE2703022620}"
EndProject
Global
	GlobalSection(SolutionConfigurationPlatforms) = preSolution
		Debug|Any CPU = Debug|Any CPU
		Debug|x64 = Debug|x64
		Debug|x86 = Debug|x86
		Release|Any CPU = Release|Any CPU
		Release|x64 = Release|x64
		Release|x86 = Release|x86
	EndGlobalSection
	GlobalSection(ProjectConfigurationPlatforms) = postSolution
		{4BB122DE-E0CA-4873-AC5B-220BF3D09EA3}.Debug|Any CPU.ActiveCfg = Debug|Any CPU
		{4BB122DE-E0CA-4873-AC5B-220BF3D09EA3}.Debug|Any CPU.Build.0 = Debug|Any CPU
		{4BB122DE-E0CA-4873-AC5B-220BF3D09EA3}.Debug|x64.ActiveCfg = Debug|Any CPU
		{4BB122DE-E0CA-4873-AC5B-220BF3D09EA3}.Debug|x64.Build.0 = Debug|Any CPU
		{4BB122DE-E0CA-4873-AC5B-220BF3D09EA3}.Debug|x86.ActiveCfg = Debug|Any CPU
		{4BB122DE-E0CA-4873-AC5B-220BF3D09EA3}.Debug|x86.Build.0 = Debug|Any CPU
		{4BB122DE-E0CA-4873-AC5B-220BF3D09EA3}.Release|Any CPU.ActiveCfg = Release|Any CPU
		{4BB122DE-E0CA-4873-AC5B-220BF3D09EA3}.Release|Any CPU.Build.0 = Release|Any CPU
		{4BB122DE-E0CA-4873-AC5B-220BF3D09EA3}.Release|x64.ActiveCfg = Release|Any CPU
		{4BB122DE-E0CA-4873-AC5B-220BF3D09EA3}.Release|x64.Build.0 = Release|Any CPU
		{4BB122DE-E0CA-4873-AC5B-220BF3D09EA3}.Release|x86.ActiveCfg = Release|Any CPU
		{4BB122DE-E0CA-4873-AC5B-220BF3D09EA3}.Release|x86.Build.0 = Release|Any CPU
		{07A25128-50F3-419B-BE75-EF175C5DAF61}.Debug|Any CPU.ActiveCfg = Debug|Any CPU
		{07A25128-50F3-419B-BE75-EF175C5DAF61}.Debug|Any CPU.Build.0 = Debug|Any CPU
		{07A25128-50F3-419B-BE75-EF175C5DAF61}.Debug|x64.ActiveCfg = Debug|Any CPU
		{07A25128-50F3-419B-BE75-EF175C5DAF61}.Debug|x64.Build.0 = Debug|Any CPU
		{07A25128-50F3-419B-BE75-EF175C5DAF61}.Debug|x86.ActiveCfg = Debug|Any CPU
		{07A25128-50F3-419B-BE75-EF175C5DAF61}.Debug|x86.Build.0 = Debug|Any CPU
		{07A25128-50F3-419B-BE75-EF175C5DAF61}.Release|Any CPU.ActiveCfg = Release|Any CPU
		{07A25128-50F3-419B-BE75-EF175C5DAF61}.Release|Any CPU.Build.0 = Release|Any CPU
		{07A25128-50F3-419B-BE75-EF175C5DAF61}.Release|x64.ActiveCfg = Release|Any CPU
		{07A25128-50F3-419B-BE75-EF175C5DAF61}.Release|x64.Build.0 = Release|Any CPU
		{07A25128-50F3-419B-BE75-EF175C5DAF61}.Release|x86.ActiveCfg = Release|Any CPU
		{07A25128-50F3-419B-BE75-EF175C5DAF61}.Release|x86.Build.0 = Release|Any CPU
		{C5186001-3ECF-41FA-B095-7EEA8F582AD3}.Debug|Any CPU.ActiveCfg = Debug|Any CPU
		{C5186001-3ECF-41FA-B095-7EEA8F582AD3}.Debug|Any CPU.Build.0 = Debug|Any CPU
		{C5186001-3ECF-41FA-B095-7EEA8F582AD3}.Debug|x64.ActiveCfg = Debug|Any CPU
		{C5186001-3ECF-41FA-B095-7EEA8F582AD3}.Debug|x64.Build.0 = Debug|Any CPU
		{C5186001-3ECF-41FA-B095-7EEA8F582AD3}.Debug|x86.ActiveCfg = Debug|Any CPU
		{C5186001-3ECF-41FA-B095-7EEA8F582AD3}.Debug|x86.Build.0 = Debug|Any CPU
		{C5186001-3ECF-41FA-B095-7EEA8F582AD3}.Release|Any CPU.ActiveCfg = Release|Any CPU
		{C5186001-3ECF-41FA-B095-7EEA8F582AD3}.Release|Any CPU.Build.0 = Release|Any CPU
		{C5186001-3ECF-41FA-B095-7EEA8F582AD3}.Release|x64.ActiveCfg = Release|Any CPU
		{C5186001-3ECF-41FA-B095-7EEA8F582AD3}.Release|x64.Build.0 = Release|Any CPU
		{C5186001-3ECF-41FA-B095-7EEA8F582AD3}.Release|x86.ActiveCfg = Release|Any CPU
		{C5186001-3ECF-41FA-B095-7EEA8F582AD3}.Release|x86.Build.0 = Release|Any CPU
		{1CA4C4A6-338A-4DF2-A7C6-7753C7EC4157}.Debug|Any CPU.ActiveCfg = Debug|Any CPU
		{1CA4C4A6-338A-4DF2-A7C6-7753C7EC4157}.Debug|Any CPU.Build.0 = Debug|Any CPU
		{1CA4C4A6-338A-4DF2-A7C6-7753C7EC4157}.Debug|x64.ActiveCfg = Debug|Any CPU
		{1CA4C4A6-338A-4DF2-A7C6-7753C7EC4157}.Debug|x64.Build.0 = Debug|Any CPU
		{1CA4C4A6-338A-4DF2-A7C6-7753C7EC4157}.Debug|x86.ActiveCfg = Debug|Any CPU
		{1CA4C4A6-338A-4DF2-A7C6-7753C7EC4157}.Debug|x86.Build.0 = Debug|Any CPU
		{1CA4C4A6-338A-4DF2-A7C6-7753C7EC4157}.Release|Any CPU.ActiveCfg = Release|Any CPU
		{1CA4C4A6-338A-4DF2-A7C6-7753C7EC4157}.Release|Any CPU.Build.0 = Release|Any CPU
		{1CA4C4A6-338A-4DF2-A7C6-7753C7EC4157}.Release|x64.ActiveCfg = Release|Any CPU
		{1CA4C4A6-338A-4DF2-A7C6-7753C7EC4157}.Release|x64.Build.0 = Release|Any CPU
		{1CA4C4A6-338A-4DF2-A7C6-7753C7EC4157}.Release|x86.ActiveCfg = Release|Any CPU
		{1CA4C4A6-338A-4DF2-A7C6-7753C7EC4157}.Release|x86.Build.0 = Release|Any CPU
		{EDE70442-0CE5-443A-A1E9-FE2703022620}.Debug|Any CPU.ActiveCfg = Debug|Any CPU
		{EDE70442-0CE5-443A-A1E9-FE2703022620}.Debug|Any CPU.Build.0 = Debug|Any CPU
		{EDE70442-0CE5-443A-A1E9-FE2703022620}.Debug|x64.ActiveCfg = Debug|Any CPU
		{EDE70442-0CE5-443A-A1E9-FE2703022620}.Debug|x64.Build.0 = Debug|Any CPU
		{EDE70442-0CE5-443A-A1E9-FE2703022620}.Debug|x86.ActiveCfg = Debug|Any CPU
		{EDE70442-0CE5-443A-A1E9-FE2703022620}.Debug|x86.Build.0 = Debug|Any CPU
		{EDE70442-0CE5-443A-A1E9-FE2703022620}.Release|Any CPU.ActiveCfg = Release|Any CPU
		{EDE70442-0CE5-443A-A1E9-FE2703022620}.Release|Any CPU.Build.0 = Release|Any CPU
		{EDE70442-0CE5-443A-A1E9-FE2703022620}.Release|x64.ActiveCfg = Release|Any CPU
		{EDE70442-0CE5-443A-A1E9-FE2703022620}.Release|x64.Build.0 = Release|Any CPU
		{EDE70442-0CE5-443A-A1E9-FE2703022620}.Release|x86.ActiveCfg = Release|Any CPU
		{EDE70442-0CE5-443A-A1E9-FE2703022620}.Release|x86.Build.0 = Release|Any CPU
	EndGlobalSection
	GlobalSection(SolutionProperties) = preSolution
		HideSolutionNode = FALSE
	EndGlobalSection
	GlobalSection(NestedProjects) = preSolution
		{4BB122DE-E0CA-4873-AC5B-220BF3D09EA3} = {827E0CD3-B72D-47B6-A68D-7590B98EB39B}
		{07A25128-50F3-419B-BE75-EF175C5DAF61} = {827E0CD3-B72D-47B6-A68D-7590B98EB39B}
		{C5186001-3ECF-41FA-B095-7EEA8F582AD3} = {827E0CD3-B72D-47B6-A68D-7590B98EB39B}
		{1CA4C4A6-338A-4DF2-A7C6-7753C7EC4157} = {827E0CD3-B72D-47B6-A68D-7590B98EB39B}
		{EDE70442-0CE5-443A-A1E9-FE2703022620} = {0AB3BF05-4346-4AA6-1389-037BE0695223}
	EndGlobalSection
EndGlobal
